
Microsoft Visual Studio Solution File, Format Version 12.00
# Visual Studio Version 17
VisualStudioVersion = 17.0.31903.59
MinimumVisualStudioVersion = 10.0.40219.1
Project("{2150E333-8FDC-42A3-9474-1A3956D46DE8}") = "src", "src", "{83AE91F3-CE25-4088-AD42-F873DB34306C}"
EndProject
Project("{FAE04EC0-301F-11D3-BF4B-00C04F79EFBC}") = "AuctionService", "src\AuctionService\AuctionService.csproj", "{2961F32D-01A5-46F5-A878-03F8E3D9852D}"
EndProject
Project("{FAE04EC0-301F-11D3-BF4B-00C04F79EFBC}") = "SearchService", "src\SearchService\SearchService.csproj", "{7F1947F7-ACCA-4222-BEF6-9DEAEBDE074B}"
EndProject
Project("{FAE04EC0-301F-11D3-BF4B-00C04F79EFBC}") = "Contracts", "src\Contracts\Contracts.csproj", "{3E48FCB7-09AD-44E3-9AFA-C95F0E08F3F5}"
EndProject
Project("{FAE04EC0-301F-11D3-BF4B-00C04F79EFBC}") = "EH.RA.RabbitMq", "src\EH.RA.RabbitMq\EH.RA.RabbitMq.csproj", "{D57F2351-F1A5-4BF5-9728-9B004388344E}"
EndProject
Global
	GlobalSection(SolutionConfigurationPlatforms) = preSolution
		Debug|Any CPU = Debug|Any CPU
		Release|Any CPU = Release|Any CPU
	EndGlobalSection
	GlobalSection(SolutionProperties) = preSolution
		HideSolutionNode = FALSE
	EndGlobalSection
	GlobalSection(ProjectConfigurationPlatforms) = postSolution
		{2961F32D-01A5-46F5-A878-03F8E3D9852D}.Debug|Any CPU.ActiveCfg = Debug|Any CPU
		{2961F32D-01A5-46F5-A878-03F8E3D9852D}.Debug|Any CPU.Build.0 = Debug|Any CPU
		{2961F32D-01A5-46F5-A878-03F8E3D9852D}.Release|Any CPU.ActiveCfg = Release|Any CPU
		{2961F32D-01A5-46F5-A878-03F8E3D9852D}.Release|Any CPU.Build.0 = Release|Any CPU
		{7F1947F7-ACCA-4222-BEF6-9DEAEBDE074B}.Debug|Any CPU.ActiveCfg = Debug|Any CPU
		{7F1947F7-ACCA-4222-BEF6-9DEAEBDE074B}.Debug|Any CPU.Build.0 = Debug|Any CPU
		{7F1947F7-ACCA-4222-BEF6-9DEAEBDE074B}.Release|Any CPU.ActiveCfg = Release|Any CPU
		{7F1947F7-ACCA-4222-BEF6-9DEAEBDE074B}.Release|Any CPU.Build.0 = Release|Any CPU
		{3E48FCB7-09AD-44E3-9AFA-C95F0E08F3F5}.Debug|Any CPU.ActiveCfg = Debug|Any CPU
		{3E48FCB7-09AD-44E3-9AFA-C95F0E08F3F5}.Debug|Any CPU.Build.0 = Debug|Any CPU
		{3E48FCB7-09AD-44E3-9AFA-C95F0E08F3F5}.Release|Any CPU.ActiveCfg = Release|Any CPU
		{3E48FCB7-09AD-44E3-9AFA-C95F0E08F3F5}.Release|Any CPU.Build.0 = Release|Any CPU
		{D57F2351-F1A5-4BF5-9728-9B004388344E}.Debug|Any CPU.ActiveCfg = Debug|Any CPU
		{D57F2351-F1A5-4BF5-9728-9B004388344E}.Debug|Any CPU.Build.0 = Debug|Any CPU
		{D57F2351-F1A5-4BF5-9728-9B004388344E}.Release|Any CPU.ActiveCfg = Release|Any CPU
		{D57F2351-F1A5-4BF5-9728-9B004388344E}.Release|Any CPU.Build.0 = Release|Any CPU
	EndGlobalSection
	GlobalSection(NestedProjects) = preSolution
		{2961F32D-01A5-46F5-A878-03F8E3D9852D} = {83AE91F3-CE25-4088-AD42-F873DB34306C}
		{7F1947F7-ACCA-4222-BEF6-9DEAEBDE074B} = {83AE91F3-CE25-4088-AD42-F873DB34306C}
		{3E48FCB7-09AD-44E3-9AFA-C95F0E08F3F5} = {83AE91F3-CE25-4088-AD42-F873DB34306C}
		{D57F2351-F1A5-4BF5-9728-9B004388344E} = {83AE91F3-CE25-4088-AD42-F873DB34306C}
	EndGlobalSection
EndGlobal
